
Microsoft Visual Studio Solution File, Format Version 12.00
# Visual Studio 15
VisualStudioVersion = 15.0.27130.2010
MinimumVisualStudioVersion = 10.0.40219.1
Project("{FAE04EC0-301F-11D3-BF4B-00C04F79EFBC}") = "AppscoreAncestry", "AppscoreAncestry\AppscoreAncestry.csproj", "{2F091908-03F9-47F1-BAA7-A7AE7010E4E2}"
EndProject
Project("{FAE04EC0-301F-11D3-BF4B-00C04F79EFBC}") = "AppscoreAncestry.Tests", "AppscoreAncestry.Tests\AppscoreAncestry.Tests.csproj", "{9BA5FB27-2F37-4DD4-8C6F-34F615A4B825}"
EndProject
Global
	GlobalSection(SolutionConfigurationPlatforms) = preSolution
		Debug|Any CPU = Debug|Any CPU
		Release|Any CPU = Release|Any CPU
	EndGlobalSection
	GlobalSection(ProjectConfigurationPlatforms) = postSolution
		{2F091908-03F9-47F1-BAA7-A7AE7010E4E2}.Debug|Any CPU.ActiveCfg = Debug|Any CPU
		{2F091908-03F9-47F1-BAA7-A7AE7010E4E2}.Debug|Any CPU.Build.0 = Debug|Any CPU
		{2F091908-03F9-47F1-BAA7-A7AE7010E4E2}.Release|Any CPU.ActiveCfg = Release|Any CPU
		{2F091908-03F9-47F1-BAA7-A7AE7010E4E2}.Release|Any CPU.Build.0 = Release|Any CPU
		{9BA5FB27-2F37-4DD4-8C6F-34F615A4B825}.Debug|Any CPU.ActiveCfg = Debug|Any CPU
		{9BA5FB27-2F37-4DD4-8C6F-34F615A4B825}.Debug|Any CPU.Build.0 = Debug|Any CPU
		{9BA5FB27-2F37-4DD4-8C6F-34F615A4B825}.Release|Any CPU.ActiveCfg = Release|Any CPU
		{9BA5FB27-2F37-4DD4-8C6F-34F615A4B825}.Release|Any CPU.Build.0 = Release|Any CPU
	EndGlobalSection
	GlobalSection(SolutionProperties) = preSolution
		HideSolutionNode = FALSE
	EndGlobalSection
	GlobalSection(ExtensibilityGlobals) = postSolution
		SolutionGuid = {722C23D7-4CD3-47D9-B712-1114EF39FF35}
	EndGlobalSection
EndGlobal
